
Microsoft Visual Studio Solution File, Format Version 12.00
# Visual Studio Version 16
VisualStudioVersion = 16.0.31605.320
MinimumVisualStudioVersion = 10.0.40219.1
Project("{9A19103F-16F7-4668-BE54-9A1E7A4F7556}") = "ShortenUrlWeb", "ShortenUrlWeb\ShortenUrlWeb.csproj", "{7A53720A-5014-4077-8F91-0C8A9EFB81FF}"
EndProject
Project("{FAE04EC0-301F-11D3-BF4B-00C04F79EFBC}") = "Core", "Core\Core.csproj", "{CE4AEEB0-D6EC-4792-A35A-33FC408F7FDE}"
EndProject
Project("{FAE04EC0-301F-11D3-BF4B-00C04F79EFBC}") = "Data", "Data\Data.csproj", "{62E18003-6FC8-415C-AE0D-B2A88C364885}"
EndProject
Project("{9A19103F-16F7-4668-BE54-9A1E7A4F7556}") = "API", "API\API.csproj", "{DA510942-EFF7-4B9E-B5CC-B176F421F62F}"
EndProject
Project("{FAE04EC0-301F-11D3-BF4B-00C04F79EFBC}") = "APICommunication", "APIClient\APICommunication.csproj", "{61C48A6A-D95E-4ED3-BC32-914771C8D5DB}"
EndProject
Global
	GlobalSection(SolutionConfigurationPlatforms) = preSolution
		Debug|Any CPU = Debug|Any CPU
		Release|Any CPU = Release|Any CPU
	EndGlobalSection
	GlobalSection(ProjectConfigurationPlatforms) = postSolution
		{7A53720A-5014-4077-8F91-0C8A9EFB81FF}.Debug|Any CPU.ActiveCfg = Debug|Any CPU
		{7A53720A-5014-4077-8F91-0C8A9EFB81FF}.Debug|Any CPU.Build.0 = Debug|Any CPU
		{7A53720A-5014-4077-8F91-0C8A9EFB81FF}.Release|Any CPU.ActiveCfg = Release|Any CPU
		{7A53720A-5014-4077-8F91-0C8A9EFB81FF}.Release|Any CPU.Build.0 = Release|Any CPU
		{CE4AEEB0-D6EC-4792-A35A-33FC408F7FDE}.Debug|Any CPU.ActiveCfg = Debug|Any CPU
		{CE4AEEB0-D6EC-4792-A35A-33FC408F7FDE}.Debug|Any CPU.Build.0 = Debug|Any CPU
		{CE4AEEB0-D6EC-4792-A35A-33FC408F7FDE}.Release|Any CPU.ActiveCfg = Release|Any CPU
		{CE4AEEB0-D6EC-4792-A35A-33FC408F7FDE}.Release|Any CPU.Build.0 = Release|Any CPU
		{62E18003-6FC8-415C-AE0D-B2A88C364885}.Debug|Any CPU.ActiveCfg = Debug|Any CPU
		{62E18003-6FC8-415C-AE0D-B2A88C364885}.Debug|Any CPU.Build.0 = Debug|Any CPU
		{62E18003-6FC8-415C-AE0D-B2A88C364885}.Release|Any CPU.ActiveCfg = Release|Any CPU
		{62E18003-6FC8-415C-AE0D-B2A88C364885}.Release|Any CPU.Build.0 = Release|Any CPU
		{DA510942-EFF7-4B9E-B5CC-B176F421F62F}.Debug|Any CPU.ActiveCfg = Debug|Any CPU
		{DA510942-EFF7-4B9E-B5CC-B176F421F62F}.Debug|Any CPU.Build.0 = Debug|Any CPU
		{DA510942-EFF7-4B9E-B5CC-B176F421F62F}.Release|Any CPU.ActiveCfg = Release|Any CPU
		{DA510942-EFF7-4B9E-B5CC-B176F421F62F}.Release|Any CPU.Build.0 = Release|Any CPU
		{61C48A6A-D95E-4ED3-BC32-914771C8D5DB}.Debug|Any CPU.ActiveCfg = Debug|Any CPU
		{61C48A6A-D95E-4ED3-BC32-914771C8D5DB}.Debug|Any CPU.Build.0 = Debug|Any CPU
		{61C48A6A-D95E-4ED3-BC32-914771C8D5DB}.Release|Any CPU.ActiveCfg = Release|Any CPU
		{61C48A6A-D95E-4ED3-BC32-914771C8D5DB}.Release|Any CPU.Build.0 = Release|Any CPU
	EndGlobalSection
	GlobalSection(SolutionProperties) = preSolution
		HideSolutionNode = FALSE
	EndGlobalSection
	GlobalSection(ExtensibilityGlobals) = postSolution
		SolutionGuid = {DE42BD07-F3E3-496A-A9D6-CB843FCD419A}
	EndGlobalSection
EndGlobal
